
Microsoft Visual Studio Solution File, Format Version 12.00
# Visual Studio Version 16
VisualStudioVersion = 16.0.30011.22
MinimumVisualStudioVersion = 10.0.40219.1
Project("{FAE04EC0-301F-11D3-BF4B-00C04F79EFBC}") = "TFSBlaster", "TFSBlaster\TFSBlaster.csproj", "{7368BA72-0EA9-473F-AF96-FE3C0415FA82}"
	ProjectSection(ProjectDependencies) = postProject
		{624DADF3-B415-45AE-81A0-E133AF6D2A91} = {624DADF3-B415-45AE-81A0-E133AF6D2A91}
	EndProjectSection
EndProject
Project("{FAE04EC0-301F-11D3-BF4B-00C04F79EFBC}") = "TFSBlasterLib", "TFSBlasterLib\TFSBlasterLib.csproj", "{624DADF3-B415-45AE-81A0-E133AF6D2A91}"
EndProject
Project("{FAE04EC0-301F-11D3-BF4B-00C04F79EFBC}") = "TFSBlasterTest", "TFSBlasterTest\TFSBlasterTest.csproj", "{C0E873C8-DAD2-4946-95AB-1B9C1D28E960}"
	ProjectSection(ProjectDependencies) = postProject
		{624DADF3-B415-45AE-81A0-E133AF6D2A91} = {624DADF3-B415-45AE-81A0-E133AF6D2A91}
	EndProjectSection
EndProject
Global
	GlobalSection(SolutionConfigurationPlatforms) = preSolution
		Debug|Any CPU = Debug|Any CPU
		Release|Any CPU = Release|Any CPU
	EndGlobalSection
	GlobalSection(ProjectConfigurationPlatforms) = postSolution
		{7368BA72-0EA9-473F-AF96-FE3C0415FA82}.Debug|Any CPU.ActiveCfg = Debug|Any CPU
		{7368BA72-0EA9-473F-AF96-FE3C0415FA82}.Debug|Any CPU.Build.0 = Debug|Any CPU
		{7368BA72-0EA9-473F-AF96-FE3C0415FA82}.Release|Any CPU.ActiveCfg = Release|Any CPU
		{7368BA72-0EA9-473F-AF96-FE3C0415FA82}.Release|Any CPU.Build.0 = Release|Any CPU
		{624DADF3-B415-45AE-81A0-E133AF6D2A91}.Debug|Any CPU.ActiveCfg = Debug|Any CPU
		{624DADF3-B415-45AE-81A0-E133AF6D2A91}.Debug|Any CPU.Build.0 = Debug|Any CPU
		{624DADF3-B415-45AE-81A0-E133AF6D2A91}.Release|Any CPU.ActiveCfg = Release|Any CPU
		{624DADF3-B415-45AE-81A0-E133AF6D2A91}.Release|Any CPU.Build.0 = Release|Any CPU
		{C0E873C8-DAD2-4946-95AB-1B9C1D28E960}.Debug|Any CPU.ActiveCfg = Debug|Any CPU
		{C0E873C8-DAD2-4946-95AB-1B9C1D28E960}.Debug|Any CPU.Build.0 = Debug|Any CPU
		{C0E873C8-DAD2-4946-95AB-1B9C1D28E960}.Release|Any CPU.ActiveCfg = Release|Any CPU
		{C0E873C8-DAD2-4946-95AB-1B9C1D28E960}.Release|Any CPU.Build.0 = Release|Any CPU
	EndGlobalSection
	GlobalSection(SolutionProperties) = preSolution
		HideSolutionNode = FALSE
	EndGlobalSection
	GlobalSection(ExtensibilityGlobals) = postSolution
		SolutionGuid = {4412D010-EA3C-487A-AC29-D98E57BF5534}
	EndGlobalSection
EndGlobal
